
Microsoft Visual Studio Solution File, Format Version 12.00
# Visual Studio Version 17
VisualStudioVersion = 17.7.34024.191
MinimumVisualStudioVersion = 10.0.40219.1
Project("{FAE04EC0-301F-11D3-BF4B-00C04F79EFBC}") = "RedShelfDownloader", "RedShelfDownloader.csproj", "{C2644694-200E-42CF-A580-5606A485D8D6}"
EndProject
Global
	GlobalSection(SolutionConfigurationPlatforms) = preSolution
		Debug|Any CPU = Debug|Any CPU
		Release|Any CPU = Release|Any CPU
	EndGlobalSection
	GlobalSection(ProjectConfigurationPlatforms) = postSolution
		{C2644694-200E-42CF-A580-5606A485D8D6}.Debug|Any CPU.ActiveCfg = Debug|Any CPU
		{C2644694-200E-42CF-A580-5606A485D8D6}.Debug|Any CPU.Build.0 = Debug|Any CPU
		{C2644694-200E-42CF-A580-5606A485D8D6}.Release|Any CPU.ActiveCfg = Release|Any CPU
		{C2644694-200E-42CF-A580-5606A485D8D6}.Release|Any CPU.Build.0 = Release|Any CPU
	EndGlobalSection
	GlobalSection(SolutionProperties) = preSolution
		HideSolutionNode = FALSE
	EndGlobalSection
	GlobalSection(ExtensibilityGlobals) = postSolution
		SolutionGuid = {830EB210-FB12-43F9-A7F5-29D5AC776985}
	EndGlobalSection
EndGlobal
